
Microsoft Visual Studio Solution File, Format Version 12.00
# Visual Studio Version 16
VisualStudioVersion = 16.0.28407.52
MinimumVisualStudioVersion = 10.0.40219.1
Project("{FAE04EC0-301F-11D3-BF4B-00C04F79EFBC}") = "PauseEditAndContinue", "PauseEditAndContinue.csproj", "{791193BD-9B0C-403B-9CAE-41B0220DDB45}"
EndProject
Global
	GlobalSection(SolutionConfigurationPlatforms) = preSolution
		Debug|Any CPU = Debug|Any CPU
		Release|Any CPU = Release|Any CPU
	EndGlobalSection
	GlobalSection(ProjectConfigurationPlatforms) = postSolution
		{791193BD-9B0C-403B-9CAE-41B0220DDB45}.Debug|Any CPU.ActiveCfg = Debug|Any CPU
		{791193BD-9B0C-403B-9CAE-41B0220DDB45}.Debug|Any CPU.Build.0 = Debug|Any CPU
		{791193BD-9B0C-403B-9CAE-41B0220DDB45}.Release|Any CPU.ActiveCfg = Release|Any CPU
		{791193BD-9B0C-403B-9CAE-41B0220DDB45}.Release|Any CPU.Build.0 = Release|Any CPU
	EndGlobalSection
	GlobalSection(SolutionProperties) = preSolution
		HideSolutionNode = FALSE
	EndGlobalSection
	GlobalSection(ExtensibilityGlobals) = postSolution
		SolutionGuid = {117D9B36-DDFA-419A-B7EF-09EDF3DA583A}
	EndGlobalSection
EndGlobal
